
Microsoft Visual Studio Solution File, Format Version 12.00
# Visual Studio 15
Project("{FAE04EC0-301F-11D3-BF4B-00C04F79EFBC}") = "Phibvpd01901_ASM_Game2D_NangCao", "Assembly-CSharp.csproj", "{EEDE2935-2CF1-F958-A617-A3CDFD541EA6}"
EndProject
Global
	GlobalSection(SolutionConfigurationPlatforms) = preSolution
		Debug|Any CPU = Debug|Any CPU
		Release|Any CPU = Release|Any CPU
	EndGlobalSection
	GlobalSection(ProjectConfigurationPlatforms) = postSolution
		{EEDE2935-2CF1-F958-A617-A3CDFD541EA6}.Debug|Any CPU.ActiveCfg = Debug|Any CPU
		{EEDE2935-2CF1-F958-A617-A3CDFD541EA6}.Debug|Any CPU.Build.0 = Debug|Any CPU
		{EEDE2935-2CF1-F958-A617-A3CDFD541EA6}.Release|Any CPU.ActiveCfg = Release|Any CPU
		{EEDE2935-2CF1-F958-A617-A3CDFD541EA6}.Release|Any CPU.Build.0 = Release|Any CPU
	EndGlobalSection
	GlobalSection(SolutionProperties) = preSolution
		HideSolutionNode = FALSE
	EndGlobalSection
EndGlobal
